
Microsoft Visual Studio Solution File, Format Version 12.00
# Visual Studio Version 17
VisualStudioVersion = 17.6.33815.320
MinimumVisualStudioVersion = 10.0.40219.1
Project("{FAE04EC0-301F-11D3-BF4B-00C04F79EFBC}") = "TheArtOfUnitTesting", "TheArtOfUnitTesting\TheArtOfUnitTesting.csproj", "{F42A494D-40A5-43D4-AD24-A7FA26EBF845}"
EndProject
Global
	GlobalSection(SolutionConfigurationPlatforms) = preSolution
		Debug|Any CPU = Debug|Any CPU
		Release|Any CPU = Release|Any CPU
	EndGlobalSection
	GlobalSection(ProjectConfigurationPlatforms) = postSolution
		{F42A494D-40A5-43D4-AD24-A7FA26EBF845}.Debug|Any CPU.ActiveCfg = Debug|Any CPU
		{F42A494D-40A5-43D4-AD24-A7FA26EBF845}.Debug|Any CPU.Build.0 = Debug|Any CPU
		{F42A494D-40A5-43D4-AD24-A7FA26EBF845}.Release|Any CPU.ActiveCfg = Release|Any CPU
		{F42A494D-40A5-43D4-AD24-A7FA26EBF845}.Release|Any CPU.Build.0 = Release|Any CPU
	EndGlobalSection
	GlobalSection(SolutionProperties) = preSolution
		HideSolutionNode = FALSE
	EndGlobalSection
	GlobalSection(ExtensibilityGlobals) = postSolution
		SolutionGuid = {FE9663E6-664C-40B5-8C73-9606BE5761D5}
	EndGlobalSection
EndGlobal
